
Microsoft Visual Studio Solution File, Format Version 12.00
# Visual Studio Version 17
VisualStudioVersion = 17.0.31903.59
MinimumVisualStudioVersion = 10.0.40219.1
Project("{2150E333-8FDC-42A3-9474-1A3956D46DE8}") = "src", "src", "{827E0CD3-B72D-47B6-A68D-7590B98EB39B}"
EndProject
Project("{FAE04EC0-301F-11D3-BF4B-00C04F79EFBC}") = "LMS.Domain", "src\LMS.Domain\LMS.Domain.csproj", "{2C3EDF62-F60D-426A-ABEB-606E8CD3120F}"
EndProject
Project("{FAE04EC0-301F-11D3-BF4B-00C04F79EFBC}") = "LMS.Application", "src\LMS.Application\LMS.Application.csproj", "{E4DB10C7-B9DC-4854-972D-74702276579C}"
EndProject
Project("{FAE04EC0-301F-11D3-BF4B-00C04F79EFBC}") = "LMS.Infrastructure", "src\LMS.Infrastructure\LMS.Infrastructure.csproj", "{23A7AD1D-DB5C-421F-A2A9-454CE9627D81}"
EndProject
Project("{FAE04EC0-301F-11D3-BF4B-00C04F79EFBC}") = "LMS.WebAPI", "src\LMS.WebAPI\LMS.WebAPI.csproj", "{7D08D78D-30DF-40B7-AE0A-56F14054CEBC}"
EndProject
Project("{2150E333-8FDC-42A3-9474-1A3956D46DE8}") = "tests", "tests", "{0AB3BF05-4346-4AA6-1389-037BE0695223}"
EndProject
Project("{FAE04EC0-301F-11D3-BF4B-00C04F79EFBC}") = "LMS.Tests", "tests\LMS.Tests\LMS.Tests.csproj", "{25FE02D7-3314-48AF-98E3-86F77D471E35}"
EndProject
Global
	GlobalSection(SolutionConfigurationPlatforms) = preSolution
		Debug|Any CPU = Debug|Any CPU
		Debug|x64 = Debug|x64
		Debug|x86 = Debug|x86
		Release|Any CPU = Release|Any CPU
		Release|x64 = Release|x64
		Release|x86 = Release|x86
	EndGlobalSection
	GlobalSection(ProjectConfigurationPlatforms) = postSolution
		{2C3EDF62-F60D-426A-ABEB-606E8CD3120F}.Debug|Any CPU.ActiveCfg = Debug|Any CPU
		{2C3EDF62-F60D-426A-ABEB-606E8CD3120F}.Debug|Any CPU.Build.0 = Debug|Any CPU
		{2C3EDF62-F60D-426A-ABEB-606E8CD3120F}.Debug|x64.ActiveCfg = Debug|Any CPU
		{2C3EDF62-F60D-426A-ABEB-606E8CD3120F}.Debug|x64.Build.0 = Debug|Any CPU
		{2C3EDF62-F60D-426A-ABEB-606E8CD3120F}.Debug|x86.ActiveCfg = Debug|Any CPU
		{2C3EDF62-F60D-426A-ABEB-606E8CD3120F}.Debug|x86.Build.0 = Debug|Any CPU
		{2C3EDF62-F60D-426A-ABEB-606E8CD3120F}.Release|Any CPU.ActiveCfg = Release|Any CPU
		{2C3EDF62-F60D-426A-ABEB-606E8CD3120F}.Release|Any CPU.Build.0 = Release|Any CPU
		{2C3EDF62-F60D-426A-ABEB-606E8CD3120F}.Release|x64.ActiveCfg = Release|Any CPU
		{2C3EDF62-F60D-426A-ABEB-606E8CD3120F}.Release|x64.Build.0 = Release|Any CPU
		{2C3EDF62-F60D-426A-ABEB-606E8CD3120F}.Release|x86.ActiveCfg = Release|Any CPU
		{2C3EDF62-F60D-426A-ABEB-606E8CD3120F}.Release|x86.Build.0 = Release|Any CPU
		{E4DB10C7-B9DC-4854-972D-74702276579C}.Debug|Any CPU.ActiveCfg = Debug|Any CPU
		{E4DB10C7-B9DC-4854-972D-74702276579C}.Debug|Any CPU.Build.0 = Debug|Any CPU
		{E4DB10C7-B9DC-4854-972D-74702276579C}.Debug|x64.ActiveCfg = Debug|Any CPU
		{E4DB10C7-B9DC-4854-972D-74702276579C}.Debug|x64.Build.0 = Debug|Any CPU
		{E4DB10C7-B9DC-4854-972D-74702276579C}.Debug|x86.ActiveCfg = Debug|Any CPU
		{E4DB10C7-B9DC-4854-972D-74702276579C}.Debug|x86.Build.0 = Debug|Any CPU
		{E4DB10C7-B9DC-4854-972D-74702276579C}.Release|Any CPU.ActiveCfg = Release|Any CPU
		{E4DB10C7-B9DC-4854-972D-74702276579C}.Release|Any CPU.Build.0 = Release|Any CPU
		{E4DB10C7-B9DC-4854-972D-74702276579C}.Release|x64.ActiveCfg = Release|Any CPU
		{E4DB10C7-B9DC-4854-972D-74702276579C}.Release|x64.Build.0 = Release|Any CPU
		{E4DB10C7-B9DC-4854-972D-74702276579C}.Release|x86.ActiveCfg = Release|Any CPU
		{E4DB10C7-B9DC-4854-972D-74702276579C}.Release|x86.Build.0 = Release|Any CPU
		{23A7AD1D-DB5C-421F-A2A9-454CE9627D81}.Debug|Any CPU.ActiveCfg = Debug|Any CPU
		{23A7AD1D-DB5C-421F-A2A9-454CE9627D81}.Debug|Any CPU.Build.0 = Debug|Any CPU
		{23A7AD1D-DB5C-421F-A2A9-454CE9627D81}.Debug|x64.ActiveCfg = Debug|Any CPU
		{23A7AD1D-DB5C-421F-A2A9-454CE9627D81}.Debug|x64.Build.0 = Debug|Any CPU
		{23A7AD1D-DB5C-421F-A2A9-454CE9627D81}.Debug|x86.ActiveCfg = Debug|Any CPU
		{23A7AD1D-DB5C-421F-A2A9-454CE9627D81}.Debug|x86.Build.0 = Debug|Any CPU
		{23A7AD1D-DB5C-421F-A2A9-454CE9627D81}.Release|Any CPU.ActiveCfg = Release|Any CPU
		{23A7AD1D-DB5C-421F-A2A9-454CE9627D81}.Release|Any CPU.Build.0 = Release|Any CPU
		{23A7AD1D-DB5C-421F-A2A9-454CE9627D81}.Release|x64.ActiveCfg = Release|Any CPU
		{23A7AD1D-DB5C-421F-A2A9-454CE9627D81}.Release|x64.Build.0 = Release|Any CPU
		{23A7AD1D-DB5C-421F-A2A9-454CE9627D81}.Release|x86.ActiveCfg = Release|Any CPU
		{23A7AD1D-DB5C-421F-A2A9-454CE9627D81}.Release|x86.Build.0 = Release|Any CPU
		{7D08D78D-30DF-40B7-AE0A-56F14054CEBC}.Debug|Any CPU.ActiveCfg = Debug|Any CPU
		{7D08D78D-30DF-40B7-AE0A-56F14054CEBC}.Debug|Any CPU.Build.0 = Debug|Any CPU
		{7D08D78D-30DF-40B7-AE0A-56F14054CEBC}.Debug|x64.ActiveCfg = Debug|Any CPU
		{7D08D78D-30DF-40B7-AE0A-56F14054CEBC}.Debug|x64.Build.0 = Debug|Any CPU
		{7D08D78D-30DF-40B7-AE0A-56F14054CEBC}.Debug|x86.ActiveCfg = Debug|Any CPU
		{7D08D78D-30DF-40B7-AE0A-56F14054CEBC}.Debug|x86.Build.0 = Debug|Any CPU
		{7D08D78D-30DF-40B7-AE0A-56F14054CEBC}.Release|Any CPU.ActiveCfg = Release|Any CPU
		{7D08D78D-30DF-40B7-AE0A-56F14054CEBC}.Release|Any CPU.Build.0 = Release|Any CPU
		{7D08D78D-30DF-40B7-AE0A-56F14054CEBC}.Release|x64.ActiveCfg = Release|Any CPU
		{7D08D78D-30DF-40B7-AE0A-56F14054CEBC}.Release|x64.Build.0 = Release|Any CPU
		{7D08D78D-30DF-40B7-AE0A-56F14054CEBC}.Release|x86.ActiveCfg = Release|Any CPU
		{7D08D78D-30DF-40B7-AE0A-56F14054CEBC}.Release|x86.Build.0 = Release|Any CPU
		{25FE02D7-3314-48AF-98E3-86F77D471E35}.Debug|Any CPU.ActiveCfg = Debug|Any CPU
		{25FE02D7-3314-48AF-98E3-86F77D471E35}.Debug|Any CPU.Build.0 = Debug|Any CPU
		{25FE02D7-3314-48AF-98E3-86F77D471E35}.Debug|x64.ActiveCfg = Debug|Any CPU
		{25FE02D7-3314-48AF-98E3-86F77D471E35}.Debug|x64.Build.0 = Debug|Any CPU
		{25FE02D7-3314-48AF-98E3-86F77D471E35}.Debug|x86.ActiveCfg = Debug|Any CPU
		{25FE02D7-3314-48AF-98E3-86F77D471E35}.Debug|x86.Build.0 = Debug|Any CPU
		{25FE02D7-3314-48AF-98E3-86F77D471E35}.Release|Any CPU.ActiveCfg = Release|Any CPU
		{25FE02D7-3314-48AF-98E3-86F77D471E35}.Release|Any CPU.Build.0 = Release|Any CPU
		{25FE02D7-3314-48AF-98E3-86F77D471E35}.Release|x64.ActiveCfg = Release|Any CPU
		{25FE02D7-3314-48AF-98E3-86F77D471E35}.Release|x64.Build.0 = Release|Any CPU
		{25FE02D7-3314-48AF-98E3-86F77D471E35}.Release|x86.ActiveCfg = Release|Any CPU
		{25FE02D7-3314-48AF-98E3-86F77D471E35}.Release|x86.Build.0 = Release|Any CPU
	EndGlobalSection
	GlobalSection(SolutionProperties) = preSolution
		HideSolutionNode = FALSE
	EndGlobalSection
	GlobalSection(NestedProjects) = preSolution
		{2C3EDF62-F60D-426A-ABEB-606E8CD3120F} = {827E0CD3-B72D-47B6-A68D-7590B98EB39B}
		{E4DB10C7-B9DC-4854-972D-74702276579C} = {827E0CD3-B72D-47B6-A68D-7590B98EB39B}
		{23A7AD1D-DB5C-421F-A2A9-454CE9627D81} = {827E0CD3-B72D-47B6-A68D-7590B98EB39B}
		{7D08D78D-30DF-40B7-AE0A-56F14054CEBC} = {827E0CD3-B72D-47B6-A68D-7590B98EB39B}
		{25FE02D7-3314-48AF-98E3-86F77D471E35} = {0AB3BF05-4346-4AA6-1389-037BE0695223}
	EndGlobalSection
EndGlobal
